
Microsoft Visual Studio Solution File, Format Version 12.00
Project("{FAE04EC0-301F-11D3-BF4B-00C04F79EFBC}") = "LocalStorage", "LocalStorage\LocalStorage.csproj", "{B8D8327A-17AB-470E-B8CF-D43292C17493}"
EndProject
Project("{FAE04EC0-301F-11D3-BF4B-00C04F79EFBC}") = "LocalStorageSimple", "LocalStorageSimple\LocalStorageSimple.csproj", "{71263AE5-9CBE-4236-9F18-FE69B264DB60}"
EndProject
Global
	GlobalSection(SolutionConfigurationPlatforms) = preSolution
		Debug|Any CPU = Debug|Any CPU
		Release|Any CPU = Release|Any CPU
	EndGlobalSection
	GlobalSection(ProjectConfigurationPlatforms) = postSolution
		{B8D8327A-17AB-470E-B8CF-D43292C17493}.Debug|Any CPU.ActiveCfg = Debug|Any CPU
		{B8D8327A-17AB-470E-B8CF-D43292C17493}.Debug|Any CPU.Build.0 = Debug|Any CPU
		{B8D8327A-17AB-470E-B8CF-D43292C17493}.Release|Any CPU.ActiveCfg = Release|Any CPU
		{B8D8327A-17AB-470E-B8CF-D43292C17493}.Release|Any CPU.Build.0 = Release|Any CPU
		{71263AE5-9CBE-4236-9F18-FE69B264DB60}.Debug|Any CPU.ActiveCfg = Debug|Any CPU
		{71263AE5-9CBE-4236-9F18-FE69B264DB60}.Debug|Any CPU.Build.0 = Debug|Any CPU
		{71263AE5-9CBE-4236-9F18-FE69B264DB60}.Release|Any CPU.ActiveCfg = Release|Any CPU
		{71263AE5-9CBE-4236-9F18-FE69B264DB60}.Release|Any CPU.Build.0 = Release|Any CPU
	EndGlobalSection
EndGlobal
