
Microsoft Visual Studio Solution File, Format Version 12.00
Project("{FAE04EC0-301F-11D3-BF4B-00C04F79EFBC}") = "WeatherForecast", "WeatherForecast\WeatherForecast.csproj", "{BB949E78-8410-4AE7-B918-9F3671B95B05}"
EndProject
Global
	GlobalSection(SolutionConfigurationPlatforms) = preSolution
		Debug|Any CPU = Debug|Any CPU
		Release|Any CPU = Release|Any CPU
	EndGlobalSection
	GlobalSection(ProjectConfigurationPlatforms) = postSolution
		{BB949E78-8410-4AE7-B918-9F3671B95B05}.Debug|Any CPU.ActiveCfg = Debug|Any CPU
		{BB949E78-8410-4AE7-B918-9F3671B95B05}.Debug|Any CPU.Build.0 = Debug|Any CPU
		{BB949E78-8410-4AE7-B918-9F3671B95B05}.Release|Any CPU.ActiveCfg = Release|Any CPU
		{BB949E78-8410-4AE7-B918-9F3671B95B05}.Release|Any CPU.Build.0 = Release|Any CPU
	EndGlobalSection
EndGlobal
